
Microsoft Visual Studio Solution File, Format Version 12.00
# Visual Studio 15
VisualStudioVersion = 15.0.26124.0
MinimumVisualStudioVersion = 15.0.26124.0
Project("{9A19103F-16F7-4668-BE54-9A1E7A4F7556}") = "Google.Cloud.Templates.Mvc.CSharp", "content\mvc\CSharp\Google.Cloud.Templates.Mvc.CSharp.csproj", "{C242DADD-0011-4406-98D1-52948D5D2186}"
EndProject
Project("{9A19103F-16F7-4668-BE54-9A1E7A4F7556}") = "Google.Cloud.Templates.WebApi.CSharp", "content\webapi\CSharp\Google.Cloud.Templates.WebApi.CSharp.csproj", "{6B316983-BFBD-4B74-99DE-C20F21DCB0F5}"
EndProject
Project("{9A19103F-16F7-4668-BE54-9A1E7A4F7556}") = "Google.Cloud.Templates.NuGetPackage", "Google.Cloud.Templates.NuGetPackage.csproj", "{FB8F635B-86FD-4A19-B0AC-7E2042D37E05}"
EndProject
Global
	GlobalSection(SolutionConfigurationPlatforms) = preSolution
		Debug|Any CPU = Debug|Any CPU
		Release|Any CPU = Release|Any CPU
	EndGlobalSection
	GlobalSection(ProjectConfigurationPlatforms) = postSolution
		{C242DADD-0011-4406-98D1-52948D5D2186}.Debug|Any CPU.ActiveCfg = Debug|Any CPU
		{C242DADD-0011-4406-98D1-52948D5D2186}.Debug|Any CPU.Build.0 = Debug|Any CPU
		{C242DADD-0011-4406-98D1-52948D5D2186}.Release|Any CPU.ActiveCfg = Release|Any CPU
		{C242DADD-0011-4406-98D1-52948D5D2186}.Release|Any CPU.Build.0 = Release|Any CPU
		{6B316983-BFBD-4B74-99DE-C20F21DCB0F5}.Debug|Any CPU.ActiveCfg = Debug|Any CPU
		{6B316983-BFBD-4B74-99DE-C20F21DCB0F5}.Debug|Any CPU.Build.0 = Debug|Any CPU
		{6B316983-BFBD-4B74-99DE-C20F21DCB0F5}.Release|Any CPU.ActiveCfg = Release|Any CPU
		{6B316983-BFBD-4B74-99DE-C20F21DCB0F5}.Release|Any CPU.Build.0 = Release|Any CPU
		{FB8F635B-86FD-4A19-B0AC-7E2042D37E05}.Debug|Any CPU.ActiveCfg = Debug|Any CPU
		{FB8F635B-86FD-4A19-B0AC-7E2042D37E05}.Debug|Any CPU.Build.0 = Debug|Any CPU
		{FB8F635B-86FD-4A19-B0AC-7E2042D37E05}.Release|Any CPU.ActiveCfg = Release|Any CPU
		{FB8F635B-86FD-4A19-B0AC-7E2042D37E05}.Release|Any CPU.Build.0 = Release|Any CPU
	EndGlobalSection
	GlobalSection(SolutionProperties) = preSolution
		HideSolutionNode = FALSE
	EndGlobalSection
	GlobalSection(ExtensibilityGlobals) = postSolution
		SolutionGuid = {23149205-688E-464D-9BE9-B838E51658A2}
	EndGlobalSection
EndGlobal
